altgraph==0.17.5
camelot-py==2.0.0
chardet==7.4.3
click==8.4.2
et_xmlfile==2.0.0
iniconfig==2.3.0
macholib==1.16.4
mypy_extensions==1.1.0
numpy==2.5.1
opencv-python-headless==5.0.0.93
openpyxl==3.1.5
packaging==26.2
pandas==3.0.3
pillow==12.3.0
playa-pdf==1.1.0
pluggy==1.6.0
pyinstaller==6.21.0
pyinstaller-hooks-contrib==2026.6
pypdfium2==5.12.1
pytesseract==0.3.13
pytest==8.3.4
python-dateutil==2.9.0.post0
reportlab==4.2.5
setuptools==83.0.0
six==1.17.0
tabulate==0.10.0
